
Microsoft Visual Studio Solution File, Format Version 12.00
# Visual Studio 14
VisualStudioVersion = 14.0.23107.0
MinimumVisualStudioVersion = 10.0.40219.1
Project("{FAE04EC0-301F-11D3-BF4B-00C04F79EFBC}") = "KitInteligente", "KitInteligente\KitInteligente.csproj", "{6AF205A4-66CB-4A95-AB39-C52F2FE84559}"
EndProject
Project("{FAE04EC0-301F-11D3-BF4B-00C04F79EFBC}") = "KitInteligente.Tests", "KitInteligente.Tests\KitInteligente.Tests.csproj", "{0B0DEF4C-F789-442A-8EAC-6C46EB1128DD}"
EndProject
Global
	GlobalSection(SolutionConfigurationPlatforms) = preSolution
		Debug|Any CPU = Debug|Any CPU
		Release|Any CPU = Release|Any CPU
	EndGlobalSection
	GlobalSection(ProjectConfigurationPlatforms) = postSolution
		{6AF205A4-66CB-4A95-AB39-C52F2FE84559}.Debug|Any CPU.ActiveCfg = Debug|Any CPU
		{6AF205A4-66CB-4A95-AB39-C52F2FE84559}.Debug|Any CPU.Build.0 = Debug|Any CPU
		{6AF205A4-66CB-4A95-AB39-C52F2FE84559}.Release|Any CPU.ActiveCfg = Release|Any CPU
		{6AF205A4-66CB-4A95-AB39-C52F2FE84559}.Release|Any CPU.Build.0 = Release|Any CPU
		{0B0DEF4C-F789-442A-8EAC-6C46EB1128DD}.Debug|Any CPU.ActiveCfg = Debug|Any CPU
		{0B0DEF4C-F789-442A-8EAC-6C46EB1128DD}.Debug|Any CPU.Build.0 = Debug|Any CPU
		{0B0DEF4C-F789-442A-8EAC-6C46EB1128DD}.Release|Any CPU.ActiveCfg = Release|Any CPU
		{0B0DEF4C-F789-442A-8EAC-6C46EB1128DD}.Release|Any CPU.Build.0 = Release|Any CPU
	EndGlobalSection
	GlobalSection(SolutionProperties) = preSolution
		HideSolutionNode = FALSE
	EndGlobalSection
EndGlobal
